schema: '2.0'
stages:
  data_processing:
    cmd: python src/data/data_processing.py
    deps:
    - path: data/raw
      hash: md5
      md5: b0023e25fc122edd11c15c4bc3f00a50.dir
      size: 7726749
      nfiles: 4
    - path: src/data/data_processing.py
      hash: md5
      md5: edb441cf699325383b8d125b43d25da2
      size: 3891
    outs:
    - path: data/processed
      hash: md5
      md5: be7fe06d562af90a518c5307d58ea4c6.dir
      size: 8077220
      nfiles: 1
  data_features:
    cmd: python src/features/features.py
    deps:
    - path: data/processed
      hash: md5
      md5: be7fe06d562af90a518c5307d58ea4c6.dir
      size: 8077220
      nfiles: 1
    - path: src/features/features.py
      hash: md5
      md5: 79246d24f89b57a080e09e28757bc028
      size: 4350
    outs:
    - path: data/interim
      hash: md5
      md5: 52dba3c42791a2734e32ab3ad879fe39.dir
      size: 3115809
      nfiles: 1
  model_building:
    cmd: python src/model/model_building.py
    deps:
    - path: data/interim
      hash: md5
      md5: 52dba3c42791a2734e32ab3ad879fe39.dir
      size: 3115809
      nfiles: 1
    - path: src/model/model_building.py
      hash: md5
      md5: eb89d359c37820ec2355bb521853a917
      size: 6322
    outs:
    - path: models
      hash: md5
      md5: 2c3cfd8cbe4d7b8979d6799435282dae.dir
      size: 4447914
      nfiles: 1
