schema: '2.0'
stages:
  data_processing:
    cmd: python src/data/data_processing.py
    deps:
    - path: data/raw
      hash: md5
      md5: b0023e25fc122edd11c15c4bc3f00a50.dir
      size: 7726749
      nfiles: 4
    - path: src/data/data_processing.py
      hash: md5
      md5: a57e69fd77d5a1e031f757df35af4c3f
      size: 4106
    outs:
    - path: data/processed
      hash: md5
      md5: be7fe06d562af90a518c5307d58ea4c6.dir
      size: 8077220
      nfiles: 1
  data_features:
    cmd: python src/features/features.py
    deps:
    - path: data/processed
      hash: md5
      md5: be7fe06d562af90a518c5307d58ea4c6.dir
      size: 8077220
      nfiles: 1
    - path: src/features/features.py
      hash: md5
      md5: 79246d24f89b57a080e09e28757bc028
      size: 4350
    outs:
    - path: data/interim
      hash: md5
      md5: 52dba3c42791a2734e32ab3ad879fe39.dir
      size: 3115809
      nfiles: 1
  model_building:
    cmd: python src/model/model_building.py
    deps:
    - path: data/interim
      hash: md5
      md5: 52dba3c42791a2734e32ab3ad879fe39.dir
      size: 3115809
      nfiles: 1
    - path: src/model/model_building.py
      hash: md5
      md5: a7e967d9ee2c327ca9f111a6d92c6682
      size: 8677
    params:
      params.yaml:
        data_spliting:
          test_size: 0.2
          random_state: 42
        final_model:
          n_estimators: 500
          random_state: 42
        optuna:
          n_trials: 40
          cv: 3
    outs:
    - path: models
      hash: md5
      md5: 459ee5821f2d4ca6e570da125aa1e67b.dir
      size: 4635663
      nfiles: 1
  model_evaluation:
    cmd: python src/model/model_evaluation.py
    deps:
    - path: data/external/test_data.csv
      hash: md5
      md5: cf8d0b26cd5966f95a63809bd0982d20
      size: 623800
    - path: models/model.pkl
      hash: md5
      md5: 8d0cd50dff634a0e28e13ac528477c7d
      size: 4635663
    - path: src/model/model_evaluation.py
      hash: md5
      md5: cf910aa940de8389a64bc2a1d36e42a6
      size: 2212
    outs:
    - path: reports/metrics.json
      hash: md5
      md5: f191b831406320f0c4c5c64e6b1019b9
      size: 87
